
Microsoft Visual Studio Solution File, Format Version 12.00
# Visual Studio Version 16
VisualStudioVersion = 25.0.1706.0
MinimumVisualStudioVersion = 10.0.40219.1
Project("{FAE04EC0-301F-11D3-BF4B-00C04F79EFBC}") = "StepCounter", "StepCounter\StepCounter.csproj", "{D10666B2-F9EC-4CF9-BF10-1D6B8DD5E437}"
EndProject
Global
	GlobalSection(SolutionConfigurationPlatforms) = preSolution
		Debug|Any CPU = Debug|Any CPU
		Release|Any CPU = Release|Any CPU
	EndGlobalSection
	GlobalSection(ProjectConfigurationPlatforms) = postSolution
		{D10666B2-F9EC-4CF9-BF10-1D6B8DD5E437}.Debug|Any CPU.ActiveCfg = Debug|Any CPU
		{D10666B2-F9EC-4CF9-BF10-1D6B8DD5E437}.Debug|Any CPU.Build.0 = Debug|Any CPU
		{D10666B2-F9EC-4CF9-BF10-1D6B8DD5E437}.Release|Any CPU.ActiveCfg = Release|Any CPU
		{D10666B2-F9EC-4CF9-BF10-1D6B8DD5E437}.Release|Any CPU.Build.0 = Release|Any CPU
	EndGlobalSection
	GlobalSection(SolutionProperties) = preSolution
		HideSolutionNode = FALSE
	EndGlobalSection
	GlobalSection(ExtensibilityGlobals) = postSolution
		SolutionGuid = {B0107C44-AAA7-4258-A8E8-29D9194F7D63}
	EndGlobalSection
EndGlobal
